
Microsoft Visual Studio Solution File, Format Version 12.00
# Visual Studio Version 17
VisualStudioVersion = 17.13.35931.197 d17.13
MinimumVisualStudioVersion = 10.0.40219.1
Project("{FAE04EC0-301F-11D3-BF4B-00C04F79EFBC}") = "Film library", "Film library.csproj", "{98747912-1724-4002-BB24-D6E9BAB51D8D}"
EndProject
Global
	GlobalSection(SolutionConfigurationPlatforms) = preSolution
		Debug|Any CPU = Debug|Any CPU
		Release|Any CPU = Release|Any CPU
	EndGlobalSection
	GlobalSection(ProjectConfigurationPlatforms) = postSolution
		{98747912-1724-4002-BB24-D6E9BAB51D8D}.Debug|Any CPU.ActiveCfg = Debug|Any CPU
		{98747912-1724-4002-BB24-D6E9BAB51D8D}.Debug|Any CPU.Build.0 = Debug|Any CPU
		{98747912-1724-4002-BB24-D6E9BAB51D8D}.Release|Any CPU.ActiveCfg = Release|Any CPU
		{98747912-1724-4002-BB24-D6E9BAB51D8D}.Release|Any CPU.Build.0 = Release|Any CPU
	EndGlobalSection
	GlobalSection(SolutionProperties) = preSolution
		HideSolutionNode = FALSE
	EndGlobalSection
	GlobalSection(ExtensibilityGlobals) = postSolution
		SolutionGuid = {11D9E584-2F7B-42A9-A7DB-B44B68802928}
	EndGlobalSection
EndGlobal
